
Microsoft Visual Studio Solution File, Format Version 12.00
# Visual Studio 15
VisualStudioVersion = 15.0.26124.0
MinimumVisualStudioVersion = 15.0.26124.0
Project("{2150E333-8FDC-42A3-9474-1A3956D46DE8}") = "Services", "Services", "{A011A24B-1A7D-4E9C-AB8D-156A01E130AB}"
EndProject
Project("{FAE04EC0-301F-11D3-BF4B-00C04F79EFBC}") = "RemindersManagement.API", "Services\RemindersManagement\RemindersManagement.API\RemindersManagement.API.csproj", "{FFB581BD-7A3C-4454-AA24-3EB2F4D827E4}"
EndProject
Project("{FAE04EC0-301F-11D3-BF4B-00C04F79EFBC}") = "RemindersManagement.UnitTests", "Services\RemindersManagement\RemindersManagement.UnitTests\RemindersManagement.UnitTests.csproj", "{E0A53F57-866C-470D-91FB-F2C6A5B31BC4}"
EndProject
Project("{FAE04EC0-301F-11D3-BF4B-00C04F79EFBC}") = "IdentityServer", "Services\IdentityServer\IdentityServer.csproj", "{CE967A74-1914-4167-B9EF-7D541B157F73}"
EndProject
Project("{FAE04EC0-301F-11D3-BF4B-00C04F79EFBC}") = "WebApi", "Services\WebApi\WebApi.csproj", "{B0D8318F-9EF1-4865-8CF7-7206E1DCE985}"
EndProject
Global
	GlobalSection(SolutionConfigurationPlatforms) = preSolution
		Debug|Any CPU = Debug|Any CPU
		Debug|x64 = Debug|x64
		Debug|x86 = Debug|x86
		Release|Any CPU = Release|Any CPU
		Release|x64 = Release|x64
		Release|x86 = Release|x86
	EndGlobalSection
	GlobalSection(SolutionProperties) = preSolution
		HideSolutionNode = FALSE
	EndGlobalSection
	GlobalSection(ProjectConfigurationPlatforms) = postSolution
		{FFB581BD-7A3C-4454-AA24-3EB2F4D827E4}.Debug|Any CPU.ActiveCfg = Debug|Any CPU
		{FFB581BD-7A3C-4454-AA24-3EB2F4D827E4}.Debug|Any CPU.Build.0 = Debug|Any CPU
		{FFB581BD-7A3C-4454-AA24-3EB2F4D827E4}.Debug|x64.ActiveCfg = Debug|Any CPU
		{FFB581BD-7A3C-4454-AA24-3EB2F4D827E4}.Debug|x64.Build.0 = Debug|Any CPU
		{FFB581BD-7A3C-4454-AA24-3EB2F4D827E4}.Debug|x86.ActiveCfg = Debug|Any CPU
		{FFB581BD-7A3C-4454-AA24-3EB2F4D827E4}.Debug|x86.Build.0 = Debug|Any CPU
		{FFB581BD-7A3C-4454-AA24-3EB2F4D827E4}.Release|Any CPU.ActiveCfg = Release|Any CPU
		{FFB581BD-7A3C-4454-AA24-3EB2F4D827E4}.Release|Any CPU.Build.0 = Release|Any CPU
		{FFB581BD-7A3C-4454-AA24-3EB2F4D827E4}.Release|x64.ActiveCfg = Release|Any CPU
		{FFB581BD-7A3C-4454-AA24-3EB2F4D827E4}.Release|x64.Build.0 = Release|Any CPU
		{FFB581BD-7A3C-4454-AA24-3EB2F4D827E4}.Release|x86.ActiveCfg = Release|Any CPU
		{FFB581BD-7A3C-4454-AA24-3EB2F4D827E4}.Release|x86.Build.0 = Release|Any CPU
		{E0A53F57-866C-470D-91FB-F2C6A5B31BC4}.Debug|Any CPU.ActiveCfg = Debug|Any CPU
		{E0A53F57-866C-470D-91FB-F2C6A5B31BC4}.Debug|Any CPU.Build.0 = Debug|Any CPU
		{E0A53F57-866C-470D-91FB-F2C6A5B31BC4}.Debug|x64.ActiveCfg = Debug|Any CPU
		{E0A53F57-866C-470D-91FB-F2C6A5B31BC4}.Debug|x64.Build.0 = Debug|Any CPU
		{E0A53F57-866C-470D-91FB-F2C6A5B31BC4}.Debug|x86.ActiveCfg = Debug|Any CPU
		{E0A53F57-866C-470D-91FB-F2C6A5B31BC4}.Debug|x86.Build.0 = Debug|Any CPU
		{E0A53F57-866C-470D-91FB-F2C6A5B31BC4}.Release|Any CPU.ActiveCfg = Release|Any CPU
		{E0A53F57-866C-470D-91FB-F2C6A5B31BC4}.Release|Any CPU.Build.0 = Release|Any CPU
		{E0A53F57-866C-470D-91FB-F2C6A5B31BC4}.Release|x64.ActiveCfg = Release|Any CPU
		{E0A53F57-866C-470D-91FB-F2C6A5B31BC4}.Release|x64.Build.0 = Release|Any CPU
		{E0A53F57-866C-470D-91FB-F2C6A5B31BC4}.Release|x86.ActiveCfg = Release|Any CPU
		{E0A53F57-866C-470D-91FB-F2C6A5B31BC4}.Release|x86.Build.0 = Release|Any CPU
		{CE967A74-1914-4167-B9EF-7D541B157F73}.Debug|Any CPU.ActiveCfg = Debug|Any CPU
		{CE967A74-1914-4167-B9EF-7D541B157F73}.Debug|Any CPU.Build.0 = Debug|Any CPU
		{CE967A74-1914-4167-B9EF-7D541B157F73}.Debug|x64.ActiveCfg = Debug|Any CPU
		{CE967A74-1914-4167-B9EF-7D541B157F73}.Debug|x64.Build.0 = Debug|Any CPU
		{CE967A74-1914-4167-B9EF-7D541B157F73}.Debug|x86.ActiveCfg = Debug|Any CPU
		{CE967A74-1914-4167-B9EF-7D541B157F73}.Debug|x86.Build.0 = Debug|Any CPU
		{CE967A74-1914-4167-B9EF-7D541B157F73}.Release|Any CPU.ActiveCfg = Release|Any CPU
		{CE967A74-1914-4167-B9EF-7D541B157F73}.Release|Any CPU.Build.0 = Release|Any CPU
		{CE967A74-1914-4167-B9EF-7D541B157F73}.Release|x64.ActiveCfg = Release|Any CPU
		{CE967A74-1914-4167-B9EF-7D541B157F73}.Release|x64.Build.0 = Release|Any CPU
		{CE967A74-1914-4167-B9EF-7D541B157F73}.Release|x86.ActiveCfg = Release|Any CPU
		{CE967A74-1914-4167-B9EF-7D541B157F73}.Release|x86.Build.0 = Release|Any CPU
		{B0D8318F-9EF1-4865-8CF7-7206E1DCE985}.Debug|Any CPU.ActiveCfg = Debug|Any CPU
		{B0D8318F-9EF1-4865-8CF7-7206E1DCE985}.Debug|Any CPU.Build.0 = Debug|Any CPU
		{B0D8318F-9EF1-4865-8CF7-7206E1DCE985}.Debug|x64.ActiveCfg = Debug|Any CPU
		{B0D8318F-9EF1-4865-8CF7-7206E1DCE985}.Debug|x64.Build.0 = Debug|Any CPU
		{B0D8318F-9EF1-4865-8CF7-7206E1DCE985}.Debug|x86.ActiveCfg = Debug|Any CPU
		{B0D8318F-9EF1-4865-8CF7-7206E1DCE985}.Debug|x86.Build.0 = Debug|Any CPU
		{B0D8318F-9EF1-4865-8CF7-7206E1DCE985}.Release|Any CPU.ActiveCfg = Release|Any CPU
		{B0D8318F-9EF1-4865-8CF7-7206E1DCE985}.Release|Any CPU.Build.0 = Release|Any CPU
		{B0D8318F-9EF1-4865-8CF7-7206E1DCE985}.Release|x64.ActiveCfg = Release|Any CPU
		{B0D8318F-9EF1-4865-8CF7-7206E1DCE985}.Release|x64.Build.0 = Release|Any CPU
		{B0D8318F-9EF1-4865-8CF7-7206E1DCE985}.Release|x86.ActiveCfg = Release|Any CPU
		{B0D8318F-9EF1-4865-8CF7-7206E1DCE985}.Release|x86.Build.0 = Release|Any CPU
	EndGlobalSection
	GlobalSection(NestedProjects) = preSolution
		{FFB581BD-7A3C-4454-AA24-3EB2F4D827E4} = {A011A24B-1A7D-4E9C-AB8D-156A01E130AB}
		{E0A53F57-866C-470D-91FB-F2C6A5B31BC4} = {A011A24B-1A7D-4E9C-AB8D-156A01E130AB}
		{CE967A74-1914-4167-B9EF-7D541B157F73} = {A011A24B-1A7D-4E9C-AB8D-156A01E130AB}
		{B0D8318F-9EF1-4865-8CF7-7206E1DCE985} = {A011A24B-1A7D-4E9C-AB8D-156A01E130AB}
	EndGlobalSection
EndGlobal
